{
  "requires": true,
  "lockfileVersion": 1,
  "dependencies": {
    "qs": {
      "version": "6.9.1",
      "resolved": "https://registry.npmjs.org/qs/-/qs-6.9.1.tgz",
      "integrity": "sha512-Cxm7/SS/y/Z3MHWSxXb8lIFqgqBowP5JMlTUFyJN88y0SGQhVmZnqFK/PeuMX9LzUyWsqqhNxIyg0jlzq946yA=="
    },
    "stripe": {
      "version": "7.14.0",
      "resolved": "https://registry.npmjs.org/stripe/-/stripe-7.14.0.tgz",
      "integrity": "sha512-2YSSuJ18jxue0xhW2gZIoz4asC8rITvsNxzh/KuYVKK3dELK6/4M8yoGfSjFcic0D1FtJBB0j6l8Ty26a2L08w==",
      "requires": {
        "qs": "^6.6.0"
      }
    }
  }
}
